// !$*UTF8*$!
{
	archiveVersion = 1;
	classes = {
	};
	objectVersion = 56;
	objects = {

/* Begin PBXBuildFile section */
		6C627B6C2C3286010005C67B /* main.swift in Sources */ = {isa = PBXBuildFile; fileRef = 6C627B6B2C3286010005C67B /* main.swift */; };
		6C627B762C32A5090005C67B /* BOJ_2578_빙고.swift in Sources */ = {isa = PBXBuildFile; fileRef = 6C627B752C32A5090005C67B /* BOJ_2578_빙고.swift */; };
		6C8829852C4A561D00AE5734 /* BOJ_1000_A+B.swift in Sources */ = {isa = PBXBuildFile; fileRef = 6C8829842C4A561D00AE5734 /* BOJ_1000_A+B.swift */; };
		6C8829872C4A576100AE5734 /* BOJ_11022_A+B-8.swift in Sources */ = {isa = PBXBuildFile; fileRef = 6C8829862C4A576100AE5734 /* BOJ_11022_A+B-8.swift */; };
		6C8829892C4A5A2F00AE5734 /* BOJ_10988_팰린드롬인지 확인하기.swift in Sources */ = {isa = PBXBuildFile; fileRef = 6C8829882C4A5A2F00AE5734 /* BOJ_10988_팰린드롬인지 확인하기.swift */; };
		6C88298B2C4A5E8300AE5734 /* BOJ_9046_복호화.swift in Sources */ = {isa = PBXBuildFile; fileRef = 6C88298A2C4A5E8300AE5734 /* BOJ_9046_복호화.swift */; };
		6C8829A32C4BCF9500AE5734 /* BOJ 1789 수들의 합.swift in Sources */ = {isa = PBXBuildFile; fileRef = 6C8829A22C4BCF9500AE5734 /* BOJ 1789 수들의 합.swift */; };
		6CF7195C2C4248AC0011AAA2 /* BOJ_20291_파일 정리.swift in Sources */ = {isa = PBXBuildFile; fileRef = 6CF7195B2C4248AC0011AAA2 /* BOJ_20291_파일 정리.swift */; };
/* End PBXBuildFile section */

/* Begin PBXCopyFilesBuildPhase section */
		6C627B662C3286010005C67B /* CopyFiles */ = {
			isa = PBXCopyFilesBuildPhase;
			buildActionMask = 2147483647;
			dstPath = /usr/share/man/man1/;
			dstSubfolderSpec = 0;
			files = (
			);
			runOnlyForDeploymentPostprocessing = 1;
		};
/* End PBXCopyFilesBuildPhase section */

/* Begin PBXFileReference section */
		6C627B682C3286010005C67B /* Baekjoon */ = {isa = PBXFileReference; explicitFileType = "compiled.mach-o.executable"; includeInIndex = 0; path = Baekjoon; sourceTree = BUILT_PRODUCTS_DIR; };
		6C627B6B2C3286010005C67B /* main.swift */ = {isa = PBXFileReference; lastKnownFileType = sourcecode.swift; path = main.swift; sourceTree = "<group>"; };
		6C627B752C32A5090005C67B /* BOJ_2578_빙고.swift */ = {isa = PBXFileReference; lastKnownFileType = sourcecode.swift; path = "BOJ_2578_빙고.swift"; sourceTree = "<group>"; };
		6C8829842C4A561D00AE5734 /* BOJ_1000_A+B.swift */ = {isa = PBXFileReference; lastKnownFileType = sourcecode.swift; path = "BOJ_1000_A+B.swift"; sourceTree = "<group>"; };
		6C8829862C4A576100AE5734 /* BOJ_11022_A+B-8.swift */ = {isa = PBXFileReference; lastKnownFileType = sourcecode.swift; path = "BOJ_11022_A+B-8.swift"; sourceTree = "<group>"; };
		6C8829882C4A5A2F00AE5734 /* BOJ_10988_팰린드롬인지 확인하기.swift */ = {isa = PBXFileReference; lastKnownFileType = sourcecode.swift; path = "BOJ_10988_팰린드롬인지 확인하기.swift"; sourceTree = "<group>"; };
		6C88298A2C4A5E8300AE5734 /* BOJ_9046_복호화.swift */ = {isa = PBXFileReference; lastKnownFileType = sourcecode.swift; path = "BOJ_9046_복호화.swift"; sourceTree = "<group>"; };
		6C8829A22C4BCF9500AE5734 /* BOJ 1789 수들의 합.swift */ = {isa = PBXFileReference; lastKnownFileType = sourcecode.swift; path = "BOJ 1789 수들의 합.swift"; sourceTree = "<group>"; };
		6CF7195B2C4248AC0011AAA2 /* BOJ_20291_파일 정리.swift */ = {isa = PBXFileReference; lastKnownFileType = sourcecode.swift; path = "BOJ_20291_파일 정리.swift"; sourceTree = "<group>"; };
/* End PBXFileReference section */

/* Begin PBXFrameworksBuildPhase section */
		6C627B652C3286010005C67B /* Frameworks */ = {
			isa = PBXFrameworksBuildPhase;
			buildActionMask = 2147483647;
			files = (
			);
			runOnlyForDeploymentPostprocessing = 0;
		};
/* End PBXFrameworksBuildPhase section */

/* Begin PBXGroup section */
		6C627B5F2C3286010005C67B = {
			isa = PBXGroup;
			children = (
				6C627B6A2C3286010005C67B /* Baekjoon */,
				6C627B692C3286010005C67B /* Products */,
			);
			sourceTree = "<group>";
		};
		6C627B692C3286010005C67B /* Products */ = {
			isa = PBXGroup;
			children = (
				6C627B682C3286010005C67B /* Baekjoon */,
			);
			name = Products;
			sourceTree = "<group>";
		};
		6C627B6A2C3286010005C67B /* Baekjoon */ = {
			isa = PBXGroup;
			children = (
				6C88299F2C4BCCC800AE5734 /* twopointer */,
				6C8829832C4A560A00AE5734 /* math */,
				6C627B742C32A4F80005C67B /* Implementation */,
				6C627B6B2C3286010005C67B /* main.swift */,
			);
			path = Baekjoon;
			sourceTree = "<group>";
		};
		6C627B742C32A4F80005C67B /* Implementation */ = {
			isa = PBXGroup;
			children = (
				6C627B752C32A5090005C67B /* BOJ_2578_빙고.swift */,
				6CF7195B2C4248AC0011AAA2 /* BOJ_20291_파일 정리.swift */,
				6C8829882C4A5A2F00AE5734 /* BOJ_10988_팰린드롬인지 확인하기.swift */,
				6C88298A2C4A5E8300AE5734 /* BOJ_9046_복호화.swift */,
			);
			path = Implementation;
			sourceTree = "<group>";
		};
		6C8829832C4A560A00AE5734 /* math */ = {
			isa = PBXGroup;
			children = (
				6C8829842C4A561D00AE5734 /* BOJ_1000_A+B.swift */,
				6C8829862C4A576100AE5734 /* BOJ_11022_A+B-8.swift */,
				6C8829A22C4BCF9500AE5734 /* BOJ 1789 수들의 합.swift */,
			);
			path = math;
			sourceTree = "<group>";
		};
		6C88299F2C4BCCC800AE5734 /* twopointer */ = {
			isa = PBXGroup;
			children = (
			);
			path = twopointer;
			sourceTree = "<group>";
		};
/* End PBXGroup section */

/* Begin PBXNativeTarget section */
		6C627B672C3286010005C67B /* Baekjoon */ = {
			isa = PBXNativeTarget;
			buildConfigurationList = 6C627B6F2C3286010005C67B /* Build configuration list for PBXNativeTarget "Baekjoon" */;
			buildPhases = (
				6C627B642C3286010005C67B /* Sources */,
				6C627B652C3286010005C67B /* Frameworks */,
				6C627B662C3286010005C67B /* CopyFiles */,
			);
			buildRules = (
			);
			dependencies = (
			);
			name = Baekjoon;
			productName = Baekjoon;
			productReference = 6C627B682C3286010005C67B /* Baekjoon */;
			productType = "com.apple.product-type.tool";
		};
/* End PBXNativeTarget section */

/* Begin PBXProject section */
		6C627B602C3286010005C67B /* Project object */ = {
			isa = PBXProject;
			attributes = {
				BuildIndependentTargetsInParallel = 1;
				LastSwiftUpdateCheck = 1510;
				LastUpgradeCheck = 1510;
				TargetAttributes = {
					6C627B672C3286010005C67B = {
						CreatedOnToolsVersion = 15.1;
					};
				};
			};
			buildConfigurationList = 6C627B632C3286010005C67B /* Build configuration list for PBXProject "Baekjoon" */;
			compatibilityVersion = "Xcode 14.0";
			developmentRegion = en;
			hasScannedForEncodings = 0;
			knownRegions = (
				en,
				Base,
			);
			mainGroup = 6C627B5F2C3286010005C67B;
			productRefGroup = 6C627B692C3286010005C67B /* Products */;
			projectDirPath = "";
			projectRoot = "";
			targets = (
				6C627B672C3286010005C67B /* Baekjoon */,
			);
		};
/* End PBXProject section */

/* Begin PBXSourcesBuildPhase section */
		6C627B642C3286010005C67B /* Sources */ = {
			isa = PBXSourcesBuildPhase;
			buildActionMask = 2147483647;
			files = (
				6C8829892C4A5A2F00AE5734 /* BOJ_10988_팰린드롬인지 확인하기.swift in Sources */,
				6C627B6C2C3286010005C67B /* main.swift in Sources */,
				6C627B762C32A5090005C67B /* BOJ_2578_빙고.swift in Sources */,
				6CF7195C2C4248AC0011AAA2 /* BOJ_20291_파일 정리.swift in Sources */,
				6C88298B2C4A5E8300AE5734 /* BOJ_9046_복호화.swift in Sources */,
				6C8829A32C4BCF9500AE5734 /* BOJ 1789 수들의 합.swift in Sources */,
				6C8829872C4A576100AE5734 /* BOJ_11022_A+B-8.swift in Sources */,
				6C8829852C4A561D00AE5734 /* BOJ_1000_A+B.swift in Sources */,
			);
			runOnlyForDeploymentPostprocessing = 0;
		};
/* End PBXSourcesBuildPhase section */

/* Begin XCBuildConfiguration section */
		6C627B6D2C3286010005C67B /* Debug */ = {
			isa = XCBuildConfiguration;
			buildSettings = {
				ALWAYS_SEARCH_USER_PATHS = NO;
				ASSETCATALOG_COMPILER_GENERATE_SWIFT_ASSET_SYMBOL_EXTENSIONS = YES;
				CLANG_ANALYZER_NONNULL = YES;
				CLANG_ANALYZER_NUMBER_OBJECT_CONVERSION = YES_AGGRESSIVE;
				CLANG_CXX_LANGUAGE_STANDARD = "gnu++20";
				CLANG_ENABLE_MODULES = YES;
				CLANG_ENABLE_OBJC_ARC = YES;
				CLANG_ENABLE_OBJC_WEAK = YES;
				CLANG_WARN_BLOCK_CAPTURE_AUTORELEASING = YES;
				CLANG_WARN_BOOL_CONVERSION = YES;
				CLANG_WARN_COMMA = YES;
				CLANG_WARN_CONSTANT_CONVERSION = YES;
				CLANG_WARN_DEPRECATED_OBJC_IMPLEMENTATIONS = YES;
				CLANG_WARN_DIRECT_OBJC_ISA_USAGE = YES_ERROR;
				CLANG_WARN_DOCUMENTATION_COMMENTS = YES;
				CLANG_WARN_EMPTY_BODY = YES;
				CLANG_WARN_ENUM_CONVERSION = YES;
				CLANG_WARN_INFINITE_RECURSION = YES;
				CLANG_WARN_INT_CONVERSION = YES;
				CLANG_WARN_NON_LITERAL_NULL_CONVERSION = YES;
				CLANG_WARN_OBJC_IMPLICIT_RETAIN_SELF = YES;
				CLANG_WARN_OBJC_LITERAL_CONVERSION = YES;
				CLANG_WARN_OBJC_ROOT_CLASS = YES_ERROR;
				CLANG_WARN_QUOTED_INCLUDE_IN_FRAMEWORK_HEADER = YES;
				CLANG_WARN_RANGE_LOOP_ANALYSIS = YES;
				CLANG_WARN_STRICT_PROTOTYPES = YES;
				CLANG_WARN_SUSPICIOUS_MOVE = YES;
				CLANG_WARN_UNGUARDED_AVAILABILITY = YES_AGGRESSIVE;
				CLANG_WARN_UNREACHABLE_CODE = YES;
				CLANG_WARN__DUPLICATE_METHOD_MATCH = YES;
				COPY_PHASE_STRIP = NO;
				DEBUG_INFORMATION_FORMAT = dwarf;
				ENABLE_STRICT_OBJC_MSGSEND = YES;
				ENABLE_TESTABILITY = YES;
				ENABLE_USER_SCRIPT_SANDBOXING = YES;
				GCC_C_LANGUAGE_STANDARD = gnu17;
				GCC_DYNAMIC_NO_PIC = NO;
				GCC_NO_COMMON_BLOCKS = YES;
				GCC_OPTIMIZATION_LEVEL = 0;
				GCC_PREPROCESSOR_DEFINITIONS = (
					"DEBUG=1",
					"$(inherited)",
				);
				GCC_WARN_64_TO_32_BIT_CONVERSION = YES;
				GCC_WARN_ABOUT_RETURN_TYPE = YES_ERROR;
				GCC_WARN_UNDECLARED_SELECTOR = YES;
				GCC_WARN_UNINITIALIZED_AUTOS = YES_AGGRESSIVE;
				GCC_WARN_UNUSED_FUNCTION = YES;
				GCC_WARN_UNUSED_VARIABLE = YES;
				LOCALIZATION_PREFERS_STRING_CATALOGS = YES;
				MACOSX_DEPLOYMENT_TARGET = 14.2;
				MTL_ENABLE_DEBUG_INFO = INCLUDE_SOURCE;
				MTL_FAST_MATH = YES;
				ONLY_ACTIVE_ARCH = YES;
				SDKROOT = macosx;
				SWIFT_ACTIVE_COMPILATION_CONDITIONS = "DEBUG $(inherited)";
				SWIFT_OPTIMIZATION_LEVEL = "-Onone";
			};
			name = Debug;
		};
		6C627B6E2C3286010005C67B /* Release */ = {
			isa = XCBuildConfiguration;
			buildSettings = {
				ALWAYS_SEARCH_USER_PATHS = NO;
				ASSETCATALOG_COMPILER_GENERATE_SWIFT_ASSET_SYMBOL_EXTENSIONS = YES;
				CLANG_ANALYZER_NONNULL = YES;
				CLANG_ANALYZER_NUMBER_OBJECT_CONVERSION = YES_AGGRESSIVE;
				CLANG_CXX_LANGUAGE_STANDARD = "gnu++20";
				CLANG_ENABLE_MODULES = YES;
				CLANG_ENABLE_OBJC_ARC = YES;
				CLANG_ENABLE_OBJC_WEAK = YES;
				CLANG_WARN_BLOCK_CAPTURE_AUTORELEASING = YES;
				CLANG_WARN_BOOL_CONVERSION = YES;
				CLANG_WARN_COMMA = YES;
				CLANG_WARN_CONSTANT_CONVERSION = YES;
				CLANG_WARN_DEPRECATED_OBJC_IMPLEMENTATIONS = YES;
				CLANG_WARN_DIRECT_OBJC_ISA_USAGE = YES_ERROR;
				CLANG_WARN_DOCUMENTATION_COMMENTS = YES;
				CLANG_WARN_EMPTY_BODY = YES;
				CLANG_WARN_ENUM_CONVERSION = YES;
				CLANG_WARN_INFINITE_RECURSION = YES;
				CLANG_WARN_INT_CONVERSION = YES;
				CLANG_WARN_NON_LITERAL_NULL_CONVERSION = YES;
				CLANG_WARN_OBJC_IMPLICIT_RETAIN_SELF = YES;
				CLANG_WARN_OBJC_LITERAL_CONVERSION = YES;
				CLANG_WARN_OBJC_ROOT_CLASS = YES_ERROR;
				CLANG_WARN_QUOTED_INCLUDE_IN_FRAMEWORK_HEADER = YES;
				CLANG_WARN_RANGE_LOOP_ANALYSIS = YES;
				CLANG_WARN_STRICT_PROTOTYPES = YES;
				CLANG_WARN_SUSPICIOUS_MOVE = YES;
				CLANG_WARN_UNGUARDED_AVAILABILITY = YES_AGGRESSIVE;
				CLANG_WARN_UNREACHABLE_CODE = YES;
				CLANG_WARN__DUPLICATE_METHOD_MATCH = YES;
				COPY_PHASE_STRIP = NO;
				DEBUG_INFORMATION_FORMAT = "dwarf-with-dsym";
				ENABLE_NS_ASSERTIONS = NO;
				ENABLE_STRICT_OBJC_MSGSEND = YES;
				ENABLE_USER_SCRIPT_SANDBOXING = YES;
				GCC_C_LANGUAGE_STANDARD = gnu17;
				GCC_NO_COMMON_BLOCKS = YES;
				GCC_WARN_64_TO_32_BIT_CONVERSION = YES;
				GCC_WARN_ABOUT_RETURN_TYPE = YES_ERROR;
				GCC_WARN_UNDECLARED_SELECTOR = YES;
				GCC_WARN_UNINITIALIZED_AUTOS = YES_AGGRESSIVE;
				GCC_WARN_UNUSED_FUNCTION = YES;
				GCC_WARN_UNUSED_VARIABLE = YES;
				LOCALIZATION_PREFERS_STRING_CATALOGS = YES;
				MACOSX_DEPLOYMENT_TARGET = 14.2;
				MTL_ENABLE_DEBUG_INFO = NO;
				MTL_FAST_MATH = YES;
				SDKROOT = macosx;
				SWIFT_COMPILATION_MODE = wholemodule;
			};
			name = Release;
		};
		6C627B702C3286010005C67B /* Debug */ = {
			isa = XCBuildConfiguration;
			buildSettings = {
				CODE_SIGN_STYLE = Automatic;
				DEVELOPMENT_TEAM = 4YH4UGRTMH;
				ENABLE_HARDENED_RUNTIME = YES;
				PRODUCT_NAME = "$(TARGET_NAME)";
				SWIFT_VERSION = 5.0;
			};
			name = Debug;
		};
		6C627B712C3286010005C67B /* Release */ = {
			isa = XCBuildConfiguration;
			buildSettings = {
				CODE_SIGN_STYLE = Automatic;
				DEVELOPMENT_TEAM = 4YH4UGRTMH;
				ENABLE_HARDENED_RUNTIME = YES;
				PRODUCT_NAME = "$(TARGET_NAME)";
				SWIFT_VERSION = 5.0;
			};
			name = Release;
		};
/* End XCBuildConfiguration section */

/* Begin XCConfigurationList section */
		6C627B632C3286010005C67B /* Build configuration list for PBXProject "Baekjoon" */ = {
			isa = XCConfigurationList;
			buildConfigurations = (
				6C627B6D2C3286010005C67B /* Debug */,
				6C627B6E2C3286010005C67B /* Release */,
			);
			defaultConfigurationIsVisible = 0;
			defaultConfigurationName = Release;
		};
		6C627B6F2C3286010005C67B /* Build configuration list for PBXNativeTarget "Baekjoon" */ = {
			isa = XCConfigurationList;
			buildConfigurations = (
				6C627B702C3286010005C67B /* Debug */,
				6C627B712C3286010005C67B /* Release */,
			);
			defaultConfigurationIsVisible = 0;
			defaultConfigurationName = Release;
		};
/* End XCConfigurationList section */
	};
	rootObject = 6C627B602C3286010005C67B /* Project object */;
}
